{
  "name": "relative-file-specs",
  "version": "0.0.0-lerna",
  "lockfileVersion": 1,
  "requires": true,
  "dependencies": {
    "package-1": {
      "version": "file:packages/package-1",
      "requires": {
        "tiny-tarball": "1.0.0"
      }
    },
    "package-2": {
      "version": "file:packages/package-2",
      "requires": {
        "package-1": "file:packages/package-1"
      }
    },
    "tiny-tarball": {
      "version": "1.0.0",
      "resolved": "https://registry.npmjs.org/tiny-tarball/-/tiny-tarball-1.0.0.tgz",
      "integrity": "sha1-u/EC1a5zr+LFUyleD7AiMCFvZbE="
    }
  }
}
