{
  "name": "relative-independent",
  "version": "0.0.0-relative-independent",
  "lockfileVersion": 1,
  "requires": true,
  "dependencies": {
    "package-1": {
      "version": "file:packages/package-1",
      "requires": {
        "tiny-tarball": "1.0.0"
      }
    },
    "package-2": {
      "version": "file:packages/package-2",
      "requires": {
        "package-1": "file:packages/package-1"
      }
    },
    "package-3": {
      "version": "file:packages/package-3",
      "requires": {
        "package-2": "file:packages/package-2"
      }
    },
    "package-4": {
      "version": "file:packages/package-4",
      "requires": {
        "package-3": "file:packages/package-3"
      }
    },
    "package-5": {
      "version": "file:packages/package-5",
      "requires": {
        "package-4": "file:packages/package-4",
        "package-6": "file:packages/package-6"
      }
    },
    "package-6": {
      "version": "file:packages/package-6",
      "requires": {
        "tiny-tarball": "1.0.0"
      }
    },
    "tiny-tarball": {
      "version": "1.0.0",
      "resolved": "https://registry.npmjs.org/tiny-tarball/-/tiny-tarball-1.0.0.tgz",
      "integrity": "sha1-u/EC1a5zr+LFUyleD7AiMCFvZbE="
    }
  }
}
