{
  "name": "package-1",
  "version": "1.0.0",
  "lockfileVersion": 2,
  "requires": true,
  "packages": {
    "": {
      "name": "package-1",
      "version": "1.0.0",
      "dependencies": {
        "tiny-tarball": "^1.0.0",
        "package-2": "^1.0.0"
      },
      "devDependencies": {
        "package-3": "2.0.0"
      }
    },
    "node_modules/tiny-tarball": {
      "version": "1.0.0",
      "resolved": "https://registry.npmjs.org/tiny-tarball/-/tiny-tarball-1.0.0.tgz",
      "integrity": "sha1-u/EC1a5zr+LFUyleD7AiMCFvZbE="
    }
  },
  "dependencies": {
    "tiny-tarball": {
      "version": "1.0.0",
      "resolved": "https://registry.npmjs.org/tiny-tarball/-/tiny-tarball-1.0.0.tgz",
      "integrity": "sha1-u/EC1a5zr+LFUyleD7AiMCFvZbE="
    }
  }
}
