{
  "name": "package-1",
  "version": "1.0.0",
  "lockfileVersion": 1,
  "requires": true,
  "dependencies": {
    "tiny-tarball": {
      "version": "1.0.0",
      "resolved": "https://registry.npmjs.org/tiny-tarball/-/tiny-tarball-1.0.0.tgz",
      "integrity": "sha1-u/EC1a5zr+LFUyleD7AiMCFvZbE="
    }
  }
}
